// !$*UTF8*$!
{
	archiveVersion = 1;
	classes = {
	};
	objectVersion = 46;
	objects = {

/* Begin PBXBuildFile section */
		276C5D1019AC83A8005B3024 /* Cocoa.framework in Frameworks */ = {isa = PBXBuildFile; fileRef = 276C5D0F19AC83A8005B3024 /* Cocoa.framework */; };
		276C5D1919AC83A8005B3024 /* InfoPlist.strings in Resources */ = {isa = PBXBuildFile; fileRef = 276C5D1719AC83A8005B3024 /* InfoPlist.strings */; };
		276C5D1B19AC83A8005B3024 /* main.m in Sources */ = {isa = PBXBuildFile; fileRef = 276C5D1A19AC83A8005B3024 /* main.m */; };
		276C5D1F19AC83A8005B3024 /* Credits.rtf in Resources */ = {isa = PBXBuildFile; fileRef = 276C5D1D19AC83A8005B3024 /* Credits.rtf */; };
		276C5D2219AC83A8005B3024 /* SaltoGuiDelegate.m in Sources */ = {isa = PBXBuildFile; fileRef = 276C5D2119AC83A8005B3024 /* SaltoGuiDelegate.m */; };
		276C5D2519AC83A9005B3024 /* SaltoMainWindow.xib in Resources */ = {isa = PBXBuildFile; fileRef = 276C5D2319AC83A9005B3024 /* SaltoMainWindow.xib */; };
		276C5D2E19AC83A9005B3024 /* Cocoa.framework in Frameworks */ = {isa = PBXBuildFile; fileRef = 276C5D0F19AC83A8005B3024 /* Cocoa.framework */; };
		276C5D3919AC83AA005B3024 /* guiTests.m in Sources */ = {isa = PBXBuildFile; fileRef = 276C5D3819AC83AA005B3024 /* guiTests.m */; };
		276C5D4119AC9014005B3024 /* InfoPlist.strings in Resources */ = {isa = PBXBuildFile; fileRef = 276C5D3419AC83A9005B3024 /* InfoPlist.strings */; };
		276C5D4319AC92AA005B3024 /* SenTestingKit.framework in Frameworks */ = {isa = PBXBuildFile; fileRef = 276C5D4219AC92AA005B3024 /* SenTestingKit.framework */; };
		276C5D4619ACC83C005B3024 /* SaltoChannelView.m in Sources */ = {isa = PBXBuildFile; fileRef = 276C5D4519ACC83C005B3024 /* SaltoChannelView.m */; };
		276C5D4919ACC893005B3024 /* SaltoChannelViewController.m in Sources */ = {isa = PBXBuildFile; fileRef = 276C5D4819ACC892005B3024 /* SaltoChannelViewController.m */; };
		276C5D5619ADD798005B3024 /* inclination.py in CopyFiles */ = {isa = PBXBuildFile; fileRef = 276C5D0819A478C5005B3024 /* inclination.py */; };
		276C5D5719ADD798005B3024 /* gviewer.py in CopyFiles */ = {isa = PBXBuildFile; fileRef = 277CC0481990D29C00E9F4EF /* gviewer.py */; };
		276C5D5919ADD798005B3024 /* salto.py in CopyFiles */ = {isa = PBXBuildFile; fileRef = 27F183D1196A8BFF00FCD050 /* salto.py */; };
		276C5D5A19ADD798005B3024 /* TINY.ATS in CopyFiles */ = {isa = PBXBuildFile; fileRef = 27F183DC196EAC9D00FCD050 /* TINY.ATS */; };
		276C5D5B19ADD798005B3024 /* HUGE.ATS in CopyFiles */ = {isa = PBXBuildFile; fileRef = 27F18436198967D700FCD050 /* HUGE.ATS */; };
		276C5D5C19ADD798005B3024 /* GCDC.CSV in CopyFiles */ = {isa = PBXBuildFile; fileRef = 27F183E51975619000FCD050 /* GCDC.CSV */; };
		276C5D6819ADD903005B3024 /* gviewer.py in CopyFiles */ = {isa = PBXBuildFile; fileRef = 277CC0481990D29C00E9F4EF /* gviewer.py */; };
		276C5D6919ADD907005B3024 /* inclination.py in CopyFiles */ = {isa = PBXBuildFile; fileRef = 276C5D0819A478C5005B3024 /* inclination.py */; };
		276C5D6B19ADD949005B3024 /* TINY.ATS in CopyFiles */ = {isa = PBXBuildFile; fileRef = 27F183DC196EAC9D00FCD050 /* TINY.ATS */; };
		276C5D6C19ADD94B005B3024 /* HUGE.ATS in CopyFiles */ = {isa = PBXBuildFile; fileRef = 27F18436198967D700FCD050 /* HUGE.ATS */; };
		276C5D6D19ADD94F005B3024 /* GCDC.CSV in CopyFiles */ = {isa = PBXBuildFile; fileRef = 27F183E51975619000FCD050 /* GCDC.CSV */; };
		276C5D7019ADD98E005B3024 /* libpython3.4m.dylib in CopyFiles */ = {isa = PBXBuildFile; fileRef = 27960C0E1998CC7A00B016FC /* libpython3.4m.dylib */; };
		276C5D8719ADE731005B3024 /* libpython3.4m.dylib in Frameworks */ = {isa = PBXBuildFile; fileRef = 27960C0E1998CC7A00B016FC /* libpython3.4m.dylib */; };
		276C5D8819ADE73C005B3024 /* libpython3.4m.dylib in Frameworks */ = {isa = PBXBuildFile; fileRef = 27960C0E1998CC7A00B016FC /* libpython3.4m.dylib */; };
		276C5D8E19ADF110005B3024 /* salto.c in Sources */ = {isa = PBXBuildFile; fileRef = 27F183D3196D683C00FCD050 /* salto.c */; };
		276C5D8F19ADF111005B3024 /* salto.c in Sources */ = {isa = PBXBuildFile; fileRef = 27F183D3196D683C00FCD050 /* salto.c */; };
		276C5D9019ADF11B005B3024 /* Event.c in Sources */ = {isa = PBXBuildFile; fileRef = 276C5D06199E15AE005B3024 /* Event.c */; };
		276C5D9119ADF11C005B3024 /* Event.c in Sources */ = {isa = PBXBuildFile; fileRef = 276C5D06199E15AE005B3024 /* Event.c */; };
		276C5D9219ADF11F005B3024 /* Channel.c in Sources */ = {isa = PBXBuildFile; fileRef = 276C5D02199DFF4A005B3024 /* Channel.c */; };
		276C5D9319ADF11F005B3024 /* Channel.c in Sources */ = {isa = PBXBuildFile; fileRef = 276C5D02199DFF4A005B3024 /* Channel.c */; };
		276C5D9419ADF126005B3024 /* salto_api.c in Sources */ = {isa = PBXBuildFile; fileRef = 27C6E4DD19669CD5004192BD /* salto_api.c */; };
		276C5D9519ADF127005B3024 /* salto_api.c in Sources */ = {isa = PBXBuildFile; fileRef = 27C6E4DD19669CD5004192BD /* salto_api.c */; };
		276C5D9F19AE35C5005B3024 /* SaltoConsoleController.m in Sources */ = {isa = PBXBuildFile; fileRef = 276C5D9D19AE35C4005B3024 /* SaltoConsoleController.m */; };
		276C5DA019AE35C5005B3024 /* SaltoConsole.xib in Resources */ = {isa = PBXBuildFile; fileRef = 276C5D9E19AE35C5005B3024 /* SaltoConsole.xib */; };
		276C5DA119AE4B04005B3024 /* libpython3.4m.dylib in CopyFiles */ = {isa = PBXBuildFile; fileRef = 27960C0E1998CC7A00B016FC /* libpython3.4m.dylib */; };
		276C5DA219AE5A13005B3024 /* main.c in Sources */ = {isa = PBXBuildFile; fileRef = 276C5D4A19ADD6A3005B3024 /* main.c */; };
		276C5DA419B74D2A005B3024 /* salto.py in CopyFiles */ = {isa = PBXBuildFile; fileRef = 27F183D1196A8BFF00FCD050 /* salto.py */; };
		276F1F81199BEA0F0026537C /* testplugin.c in Sources */ = {isa = PBXBuildFile; fileRef = 276F1F75199BE9BD0026537C /* testplugin.c */; };
		27960C1C199A0B8F00B016FC /* hookie.c in Sources */ = {isa = PBXBuildFile; fileRef = 27F1842A19891A8E00FCD050 /* hookie.c */; };
		27B2183A19BEF3BE001A50AD /* saltoGui.m in Sources */ = {isa = PBXBuildFile; fileRef = 27B2183919BEF3BE001A50AD /* saltoGui.m */; };
		27B2183D19BF31F7001A50AD /* SaltoConsole.m in Sources */ = {isa = PBXBuildFile; fileRef = 27B2183C19BF31F7001A50AD /* SaltoConsole.m */; };
		27F183FB19824CE700FCD050 /* atsf.c in Sources */ = {isa = PBXBuildFile; fileRef = 27C6E4DB19669CD5004192BD /* atsf.c */; };
		27F184291982816600FCD050 /* gcdc.c in Sources */ = {isa = PBXBuildFile; fileRef = 27F183E31975550100FCD050 /* gcdc.c */; };
/* End PBXBuildFile section */

/* Begin PBXContainerItemProxy section */
		276C5D2F19AC83A9005B3024 /* PBXContainerItemProxy */ = {
			isa = PBXContainerItemProxy;
			containerPortal = 27C6E4C619669B8A004192BD /* Project object */;
			proxyType = 1;
			remoteGlobalIDString = 276C5D0D19AC83A7005B3024;
			remoteInfo = gui;
		};
/* End PBXContainerItemProxy section */

/* Begin PBXCopyFilesBuildPhase section */
		276C5D5519ADD798005B3024 /* CopyFiles */ = {
			isa = PBXCopyFilesBuildPhase;
			buildActionMask = 12;
			dstPath = plugins;
			dstSubfolderSpec = 16;
			files = (
				276C5D5619ADD798005B3024 /* inclination.py in CopyFiles */,
				276C5D5719ADD798005B3024 /* gviewer.py in CopyFiles */,
			);
			runOnlyForDeploymentPostprocessing = 0;
		};
		276C5D5819ADD798005B3024 /* CopyFiles */ = {
			isa = PBXCopyFilesBuildPhase;
			buildActionMask = 2147483647;
			dstPath = "";
			dstSubfolderSpec = 7;
			files = (
				276C5D5919ADD798005B3024 /* salto.py in CopyFiles */,
				276C5D5A19ADD798005B3024 /* TINY.ATS in CopyFiles */,
				276C5D5B19ADD798005B3024 /* HUGE.ATS in CopyFiles */,
				276C5D5C19ADD798005B3024 /* GCDC.CSV in CopyFiles */,
			);
			runOnlyForDeploymentPostprocessing = 0;
		};
		276C5D5D19ADD798005B3024 /* CopyFiles */ = {
			isa = PBXCopyFilesBuildPhase;
			buildActionMask = 2147483647;
			dstPath = "";
			dstSubfolderSpec = 10;
			files = (
				276C5DA119AE4B04005B3024 /* libpython3.4m.dylib in CopyFiles */,
			);
			runOnlyForDeploymentPostprocessing = 0;
		};
		276C5D6719ADD8E4005B3024 /* CopyFiles */ = {
			isa = PBXCopyFilesBuildPhase;
			buildActionMask = 2147483647;
			dstPath = "";
			dstSubfolderSpec = 13;
			files = (
				276C5D6819ADD903005B3024 /* gviewer.py in CopyFiles */,
				276C5D6919ADD907005B3024 /* inclination.py in CopyFiles */,
			);
			runOnlyForDeploymentPostprocessing = 0;
		};
		276C5D6A19ADD919005B3024 /* CopyFiles */ = {
			isa = PBXCopyFilesBuildPhase;
			buildActionMask = 2147483647;
			dstPath = "";
			dstSubfolderSpec = 7;
			files = (
				276C5D6B19ADD949005B3024 /* TINY.ATS in CopyFiles */,
				276C5D6C19ADD94B005B3024 /* HUGE.ATS in CopyFiles */,
				276C5D6D19ADD94F005B3024 /* GCDC.CSV in CopyFiles */,
			);
			runOnlyForDeploymentPostprocessing = 0;
		};
		276C5D6F19ADD97B005B3024 /* CopyFiles */ = {
			isa = PBXCopyFilesBuildPhase;
			buildActionMask = 2147483647;
			dstPath = "";
			dstSubfolderSpec = 10;
			files = (
				276C5D7019ADD98E005B3024 /* libpython3.4m.dylib in CopyFiles */,
			);
			runOnlyForDeploymentPostprocessing = 0;
		};
		276C5DA319B74CE6005B3024 /* CopyFiles */ = {
			isa = PBXCopyFilesBuildPhase;
			buildActionMask = 2147483647;
			dstPath = "";
			dstSubfolderSpec = 6;
			files = (
				276C5DA419B74D2A005B3024 /* salto.py in CopyFiles */,
			);
			runOnlyForDeploymentPostprocessing = 0;
		};
/* End PBXCopyFilesBuildPhase section */

/* Begin PBXFileReference section */
		276C5D02199DFF4A005B3024 /* Channel.c */ = {isa = PBXFileReference; fileEncoding = 4; lastKnownFileType = sourcecode.c.c; path = Channel.c; sourceTree = "<group>"; };
		276C5D04199DFF5A005B3024 /* Channel.h */ = {isa = PBXFileReference; lastKnownFileType = sourcecode.c.h; path = Channel.h; sourceTree = "<group>"; };
		276C5D05199E15A2005B3024 /* Event.h */ = {isa = PBXFileReference; lastKnownFileType = sourcecode.c.h; path = Event.h; sourceTree = "<group>"; };
		276C5D06199E15AE005B3024 /* Event.c */ = {isa = PBXFileReference; fileEncoding = 4; lastKnownFileType = sourcecode.c.c; path = Event.c; sourceTree = "<group>"; };
		276C5D0819A478C5005B3024 /* inclination.py */ = {isa = PBXFileReference; lastKnownFileType = text.script.python; name = inclination.py; path = plugins/computation/inclination.py; sourceTree = "<group>"; };
		276C5D0E19AC83A8005B3024 /* OpenSALTO.app */ = {isa = PBXFileReference; explicitFileType = wrapper.application; includeInIndex = 0; path = OpenSALTO.app; sourceTree = BUILT_PRODUCTS_DIR; };
		276C5D0F19AC83A8005B3024 /* Cocoa.framework */ = {isa = PBXFileReference; lastKnownFileType = wrapper.framework; name = Cocoa.framework; path = System/Library/Frameworks/Cocoa.framework; sourceTree = SDKROOT; };
		276C5D1119AC83A8005B3024 /* AppKit.framework */ = {isa = PBXFileReference; lastKnownFileType = wrapper.framework; name = AppKit.framework; path = System/Library/Frameworks/AppKit.framework; sourceTree = SDKROOT; };
		276C5D1219AC83A8005B3024 /* CoreData.framework */ = {isa = PBXFileReference; lastKnownFileType = wrapper.framework; name = CoreData.framework; path = System/Library/Frameworks/CoreData.framework; sourceTree = SDKROOT; };
		276C5D1319AC83A8005B3024 /* Foundation.framework */ = {isa = PBXFileReference; lastKnownFileType = wrapper.framework; name = Foundation.framework; path = System/Library/Frameworks/Foundation.framework; sourceTree = SDKROOT; };
		276C5D1619AC83A8005B3024 /* gui-Info.plist */ = {isa = PBXFileReference; lastKnownFileType = text.plist.xml; path = "gui-Info.plist"; sourceTree = "<group>"; };
		276C5D1819AC83A8005B3024 /* en */ = {isa = PBXFileReference; lastKnownFileType = text.plist.strings; name = en; path = en.lproj/InfoPlist.strings; sourceTree = "<group>"; };
		276C5D1A19AC83A8005B3024 /* main.m */ = {isa = PBXFileReference; lastKnownFileType = sourcecode.c.objc; path = main.m; sourceTree = "<group>"; };
		276C5D1C19AC83A8005B3024 /* gui-Prefix.pch */ = {isa = PBXFileReference; lastKnownFileType = sourcecode.c.h; path = "gui-Prefix.pch"; sourceTree = "<group>"; };
		276C5D1E19AC83A8005B3024 /* en */ = {isa = PBXFileReference; lastKnownFileType = text.rtf; name = en; path = en.lproj/Credits.rtf; sourceTree = "<group>"; };
		276C5D2019AC83A8005B3024 /* SaltoGuiDelegate.h */ = {isa = PBXFileReference; lastKnownFileType = sourcecode.c.h; path = SaltoGuiDelegate.h; sourceTree = "<group>"; };
		276C5D2119AC83A8005B3024 /* SaltoGuiDelegate.m */ = {isa = PBXFileReference; lastKnownFileType = sourcecode.c.objc; path = SaltoGuiDelegate.m; sourceTree = "<group>"; };
		276C5D2419AC83A9005B3024 /* en */ = {isa = PBXFileReference; lastKnownFileType = file.xib; name = en; path = en.lproj/SaltoMainWindow.xib; sourceTree = "<group>"; };
		276C5D2B19AC83A9005B3024 /* guiTests.octest */ = {isa = PBXFileReference; explicitFileType = wrapper.cfbundle; includeInIndex = 0; path = guiTests.octest; sourceTree = BUILT_PRODUCTS_DIR; };
		276C5D3319AC83A9005B3024 /* guiTests-Info.plist */ = {isa = PBXFileReference; lastKnownFileType = text.plist.xml; path = "guiTests-Info.plist"; sourceTree = "<group>"; };
		276C5D3519AC83AA005B3024 /* en */ = {isa = PBXFileReference; lastKnownFileType = text.plist.strings; name = en; path = en.lproj/InfoPlist.strings; sourceTree = "<group>"; };
		276C5D3719AC83AA005B3024 /* guiTests.h */ = {isa = PBXFileReference; lastKnownFileType = sourcecode.c.h; path = guiTests.h; sourceTree = "<group>"; };
		276C5D3819AC83AA005B3024 /* guiTests.m */ = {isa = PBXFileReference; lastKnownFileType = sourcecode.c.objc; path = guiTests.m; sourceTree = "<group>"; };
		276C5D4219AC92AA005B3024 /* SenTestingKit.framework */ = {isa = PBXFileReference; lastKnownFileType = wrapper.framework; name = SenTestingKit.framework; path = Library/Frameworks/SenTestingKit.framework; sourceTree = DEVELOPER_DIR; };
		276C5D4419ACC83B005B3024 /* SaltoChannelView.h */ = {isa = PBXFileReference; fileEncoding = 4; lastKnownFileType = sourcecode.c.h; path = SaltoChannelView.h; sourceTree = "<group>"; };
		276C5D4519ACC83C005B3024 /* SaltoChannelView.m */ = {isa = PBXFileReference; fileEncoding = 4; lastKnownFileType = sourcecode.c.objc; path = SaltoChannelView.m; sourceTree = "<group>"; };
		276C5D4719ACC892005B3024 /* SaltoChannelViewController.h */ = {isa = PBXFileReference; fileEncoding = 4; lastKnownFileType = sourcecode.c.h; path = SaltoChannelViewController.h; sourceTree = "<group>"; };
		276C5D4819ACC892005B3024 /* SaltoChannelViewController.m */ = {isa = PBXFileReference; fileEncoding = 4; lastKnownFileType = sourcecode.c.objc; path = SaltoChannelViewController.m; sourceTree = "<group>"; };
		276C5D4A19ADD6A3005B3024 /* main.c */ = {isa = PBXFileReference; fileEncoding = 4; lastKnownFileType = sourcecode.c.c; path = main.c; sourceTree = "<group>"; };
		276C5D6219ADD798005B3024 /* salto */ = {isa = PBXFileReference; explicitFileType = "compiled.mach-o.executable"; includeInIndex = 0; path = salto; sourceTree = BUILT_PRODUCTS_DIR; };
		276C5D9619ADF811005B3024 /* OpenSALTO.entitlements */ = {isa = PBXFileReference; lastKnownFileType = text.xml; name = OpenSALTO.entitlements; path = ../../OpenSALTO.entitlements; sourceTree = "<group>"; };
		276C5D9C19AE35C4005B3024 /* SaltoConsoleController.h */ = {isa = PBXFileReference; fileEncoding = 4; lastKnownFileType = sourcecode.c.h; path = SaltoConsoleController.h; sourceTree = "<group>"; };
		276C5D9D19AE35C4005B3024 /* SaltoConsoleController.m */ = {isa = PBXFileReference; fileEncoding = 4; lastKnownFileType = sourcecode.c.objc; path = SaltoConsoleController.m; sourceTree = "<group>"; };
		276C5D9E19AE35C5005B3024 /* SaltoConsole.xib */ = {isa = PBXFileReference; fileEncoding = 4; lastKnownFileType = file.xib; name = SaltoConsole.xib; path = en.lproj/SaltoConsole.xib; sourceTree = "<group>"; };
		276F1F75199BE9BD0026537C /* testplugin.c */ = {isa = PBXFileReference; lastKnownFileType = sourcecode.c.c; name = testplugin.c; path = test/testplugin.c; sourceTree = SOURCE_ROOT; };
		276F1F80199BE9D40026537C /* testplugin.dylib */ = {isa = PBXFileReference; explicitFileType = "compiled.mach-o.dylib"; includeInIndex = 0; path = testplugin.dylib; sourceTree = BUILT_PRODUCTS_DIR; };
		277CC0481990D29C00E9F4EF /* gviewer.py */ = {isa = PBXFileReference; lastKnownFileType = text.script.python; name = gviewer.py; path = plugins/file/gviewer.py; sourceTree = "<group>"; };
		277CC04B1990D3AB00E9F4EF /* analysis.py */ = {isa = PBXFileReference; fileEncoding = 4; lastKnownFileType = text.script.python; lineEnding = 0; name = analysis.py; path = plugins/report/analysis.py; sourceTree = "<group>"; xcLanguageSpecificationIdentifier = xcode.lang.python; };
		27960C0E1998CC7A00B016FC /* libpython3.4m.dylib */ = {isa = PBXFileReference; lastKnownFileType = "compiled.mach-o.dylib"; name = libpython3.4m.dylib; path = ../../anaconda/lib/libpython3.4m.dylib; sourceTree = "<group>"; };
		27960C1B199A009B00B016FC /* hookie.dylib */ = {isa = PBXFileReference; explicitFileType = "compiled.mach-o.dylib"; includeInIndex = 0; path = hookie.dylib; sourceTree = BUILT_PRODUCTS_DIR; };
		27B2183819BEF3BE001A50AD /* saltoGui.h */ = {isa = PBXFileReference; fileEncoding = 4; lastKnownFileType = sourcecode.c.h; path = saltoGui.h; sourceTree = "<group>"; };
		27B2183919BEF3BE001A50AD /* saltoGui.m */ = {isa = PBXFileReference; fileEncoding = 4; lastKnownFileType = sourcecode.c.objc; path = saltoGui.m; sourceTree = "<group>"; };
		27B2183B19BF31F7001A50AD /* SaltoConsole.h */ = {isa = PBXFileReference; fileEncoding = 4; lastKnownFileType = sourcecode.c.h; path = SaltoConsole.h; sourceTree = "<group>"; };
		27B2183C19BF31F7001A50AD /* SaltoConsole.m */ = {isa = PBXFileReference; fileEncoding = 4; lastKnownFileType = sourcecode.c.objc; path = SaltoConsole.m; sourceTree = "<group>"; };
		27C6E4DA19669CD5004192BD /* COPYING.md */ = {isa = PBXFileReference; lastKnownFileType = text; path = COPYING.md; sourceTree = "<group>"; };
		27C6E4DB19669CD5004192BD /* atsf.c */ = {isa = PBXFileReference; fileEncoding = 4; lastKnownFileType = sourcecode.c.c; lineEnding = 0; name = atsf.c; path = plugins/file/atsf.c; sourceTree = "<group>"; xcLanguageSpecificationIdentifier = xcode.lang.c; };
		27C6E4DC19669CD5004192BD /* README.md */ = {isa = PBXFileReference; fileEncoding = 4; lastKnownFileType = text; path = README.md; sourceTree = "<group>"; };
		27C6E4DD19669CD5004192BD /* salto_api.c */ = {isa = PBXFileReference; fileEncoding = 4; lastKnownFileType = sourcecode.c.c; path = salto_api.c; sourceTree = "<group>"; };
		27C6E4DE19669CD5004192BD /* salto_api.h */ = {isa = PBXFileReference; fileEncoding = 4; lastKnownFileType = sourcecode.c.h; path = salto_api.h; sourceTree = "<group>"; };
		27C6E5171966F5A8004192BD /* Python.framework */ = {isa = PBXFileReference; lastKnownFileType = wrapper.framework; name = Python.framework; path = System/Library/Frameworks/Python.framework; sourceTree = SDKROOT; };
		27F183D1196A8BFF00FCD050 /* salto.py */ = {isa = PBXFileReference; fileEncoding = 4; lastKnownFileType = text.script.python; path = salto.py; sourceTree = "<group>"; };
		27F183D3196D683C00FCD050 /* salto.c */ = {isa = PBXFileReference; fileEncoding = 4; lastKnownFileType = sourcecode.c.c; path = salto.c; sourceTree = "<group>"; };
		27F183D5196D6AB900FCD050 /* salto.h */ = {isa = PBXFileReference; fileEncoding = 4; lastKnownFileType = sourcecode.c.h; path = salto.h; sourceTree = "<group>"; };
		27F183DC196EAC9D00FCD050 /* TINY.ATS */ = {isa = PBXFileReference; lastKnownFileType = file; name = TINY.ATS; path = test/TINY.ATS; sourceTree = SOURCE_ROOT; };
		27F183E21975429F00FCD050 /* test.py */ = {isa = PBXFileReference; lastKnownFileType = text.script.python; name = test.py; path = test/test.py; sourceTree = SOURCE_ROOT; };
		27F183E31975550100FCD050 /* gcdc.c */ = {isa = PBXFileReference; fileEncoding = 4; lastKnownFileType = sourcecode.c.c; name = gcdc.c; path = plugins/file/gcdc.c; sourceTree = "<group>"; };
		27F183E51975619000FCD050 /* GCDC.CSV */ = {isa = PBXFileReference; fileEncoding = 4; lastKnownFileType = text; name = GCDC.CSV; path = test/GCDC.CSV; sourceTree = SOURCE_ROOT; };
		27F183F719824CE500FCD050 /* atsf.dylib */ = {isa = PBXFileReference; explicitFileType = "compiled.mach-o.dylib"; includeInIndex = 0; path = atsf.dylib; sourceTree = BUILT_PRODUCTS_DIR; };
		27F1841119827DF100FCD050 /* CoreFoundation.framework */ = {isa = PBXFileReference; lastKnownFileType = wrapper.framework; name = CoreFoundation.framework; path = System/Library/Frameworks/CoreFoundation.framework; sourceTree = SDKROOT; };
		27F184281982813A00FCD050 /* gcdc.dylib */ = {isa = PBXFileReference; explicitFileType = "compiled.mach-o.dylib"; includeInIndex = 0; path = gcdc.dylib; sourceTree = BUILT_PRODUCTS_DIR; };
		27F1842A19891A8E00FCD050 /* hookie.c */ = {isa = PBXFileReference; lastKnownFileType = sourcecode.c.c; name = hookie.c; path = plugins/file/hookie.c; sourceTree = "<group>"; };
		27F18436198967D700FCD050 /* HUGE.ATS */ = {isa = PBXFileReference; lastKnownFileType = file; name = HUGE.ATS; path = test/HUGE.ATS; sourceTree = SOURCE_ROOT; };
/* End PBXFileReference section */

/* Begin PBXFrameworksBuildPhase section */
		276C5D0B19AC83A7005B3024 /* Frameworks */ = {
			isa = PBXFrameworksBuildPhase;
			buildActionMask = 2147483647;
			files = (
				276C5D1019AC83A8005B3024 /* Cocoa.framework in Frameworks */,
				276C5D8819ADE73C005B3024 /* libpython3.4m.dylib in Frameworks */,
			);
			runOnlyForDeploymentPostprocessing = 0;
		};
		276C5D2719AC83A9005B3024 /* Frameworks */ = {
			isa = PBXFrameworksBuildPhase;
			buildActionMask = 2147483647;
			files = (
				276C5D4319AC92AA005B3024 /* SenTestingKit.framework in Frameworks */,
				276C5D2E19AC83A9005B3024 /* Cocoa.framework in Frameworks */,
			);
			runOnlyForDeploymentPostprocessing = 0;
		};
		276C5D5319ADD798005B3024 /* Frameworks */ = {
			isa = PBXFrameworksBuildPhase;
			buildActionMask = 2147483647;
			files = (
				276C5D8719ADE731005B3024 /* libpython3.4m.dylib in Frameworks */,
			);
			runOnlyForDeploymentPostprocessing = 0;
		};
		276F1F7B199BE9D40026537C /* Frameworks */ = {
			isa = PBXFrameworksBuildPhase;
			buildActionMask = 2147483647;
			files = (
			);
			runOnlyForDeploymentPostprocessing = 0;
		};
		27960C16199A009B00B016FC /* Frameworks */ = {
			isa = PBXFrameworksBuildPhase;
			buildActionMask = 2147483647;
			files = (
			);
			runOnlyForDeploymentPostprocessing = 0;
		};
		27F183F419824CE500FCD050 /* Frameworks */ = {
			isa = PBXFrameworksBuildPhase;
			buildActionMask = 2147483647;
			files = (
			);
			runOnlyForDeploymentPostprocessing = 0;
		};
		27F184231982813A00FCD050 /* Frameworks */ = {
			isa = PBXFrameworksBuildPhase;
			buildActionMask = 2147483647;
			files = (
			);
			runOnlyForDeploymentPostprocessing = 0;
		};
/* End PBXFrameworksBuildPhase section */

/* Begin PBXGroup section */
		276C5D1419AC83A8005B3024 /* gui */ = {
			isa = PBXGroup;
			children = (
				27B2183819BEF3BE001A50AD /* saltoGui.h */,
				27B2183919BEF3BE001A50AD /* saltoGui.m */,
				276C5D2019AC83A8005B3024 /* SaltoGuiDelegate.h */,
				276C5D2119AC83A8005B3024 /* SaltoGuiDelegate.m */,
				276C5D2319AC83A9005B3024 /* SaltoMainWindow.xib */,
				27B2183B19BF31F7001A50AD /* SaltoConsole.h */,
				27B2183C19BF31F7001A50AD /* SaltoConsole.m */,
				276C5D9C19AE35C4005B3024 /* SaltoConsoleController.h */,
				276C5D9D19AE35C4005B3024 /* SaltoConsoleController.m */,
				276C5D9E19AE35C5005B3024 /* SaltoConsole.xib */,
				276C5D4419ACC83B005B3024 /* SaltoChannelView.h */,
				276C5D4519ACC83C005B3024 /* SaltoChannelView.m */,
				276C5D4719ACC892005B3024 /* SaltoChannelViewController.h */,
				276C5D4819ACC892005B3024 /* SaltoChannelViewController.m */,
				276C5D1519AC83A8005B3024 /* Supporting Files */,
			);
			path = gui;
			sourceTree = "<group>";
		};
		276C5D1519AC83A8005B3024 /* Supporting Files */ = {
			isa = PBXGroup;
			children = (
				276C5D9619ADF811005B3024 /* OpenSALTO.entitlements */,
				276C5D1619AC83A8005B3024 /* gui-Info.plist */,
				276C5D1719AC83A8005B3024 /* InfoPlist.strings */,
				276C5D1A19AC83A8005B3024 /* main.m */,
				276C5D1C19AC83A8005B3024 /* gui-Prefix.pch */,
				276C5D1D19AC83A8005B3024 /* Credits.rtf */,
			);
			name = "Supporting Files";
			sourceTree = "<group>";
		};
		276C5D3119AC83A9005B3024 /* guiTests */ = {
			isa = PBXGroup;
			children = (
				276C5D3719AC83AA005B3024 /* guiTests.h */,
				276C5D3819AC83AA005B3024 /* guiTests.m */,
				276C5D3219AC83A9005B3024 /* Supporting Files */,
			);
			path = guiTests;
			sourceTree = "<group>";
		};
		276C5D3219AC83A9005B3024 /* Supporting Files */ = {
			isa = PBXGroup;
			children = (
				276C5D3319AC83A9005B3024 /* guiTests-Info.plist */,
				276C5D3419AC83A9005B3024 /* InfoPlist.strings */,
			);
			name = "Supporting Files";
			sourceTree = "<group>";
		};
		277CC0491990D36000E9F4EF /* report */ = {
			isa = PBXGroup;
			children = (
				277CC04B1990D3AB00E9F4EF /* analysis.py */,
			);
			name = report;
			sourceTree = "<group>";
		};
		277CC04A1990D37C00E9F4EF /* computation */ = {
			isa = PBXGroup;
			children = (
				276C5D0819A478C5005B3024 /* inclination.py */,
			);
			name = computation;
			sourceTree = "<group>";
		};
		27C6E4C519669B8A004192BD = {
			isa = PBXGroup;
			children = (
				27C6E4DC19669CD5004192BD /* README.md */,
				27C6E4DA19669CD5004192BD /* COPYING.md */,
				27C6E4D019669B8D004192BD /* src */,
				27F183D7196EAC2E00FCD050 /* test */,
				27C6E4EB1966A290004192BD /* Frameworks */,
				27C6E4CF19669B8D004192BD /* Products */,
			);
			sourceTree = "<group>";
		};
		27C6E4CF19669B8D004192BD /* Products */ = {
			isa = PBXGroup;
			children = (
				27F183F719824CE500FCD050 /* atsf.dylib */,
				27F184281982813A00FCD050 /* gcdc.dylib */,
				27960C1B199A009B00B016FC /* hookie.dylib */,
				276F1F80199BE9D40026537C /* testplugin.dylib */,
				276C5D0E19AC83A8005B3024 /* OpenSALTO.app */,
				276C5D2B19AC83A9005B3024 /* guiTests.octest */,
				276C5D6219ADD798005B3024 /* salto */,
			);
			name = Products;
			sourceTree = "<group>";
		};
		27C6E4D019669B8D004192BD /* src */ = {
			isa = PBXGroup;
			children = (
				276C5D1419AC83A8005B3024 /* gui */,
				27F183E8198247AE00FCD050 /* plugins */,
				27C6E4DE19669CD5004192BD /* salto_api.h */,
				27C6E4DD19669CD5004192BD /* salto_api.c */,
				276C5D04199DFF5A005B3024 /* Channel.h */,
				276C5D02199DFF4A005B3024 /* Channel.c */,
				276C5D05199E15A2005B3024 /* Event.h */,
				276C5D06199E15AE005B3024 /* Event.c */,
				27F183D5196D6AB900FCD050 /* salto.h */,
				27F183D3196D683C00FCD050 /* salto.c */,
				27F183D1196A8BFF00FCD050 /* salto.py */,
				276C5D4A19ADD6A3005B3024 /* main.c */,
			);
			path = src;
			sourceTree = "<group>";
		};
		27C6E4EB1966A290004192BD /* Frameworks */ = {
			isa = PBXGroup;
			children = (
				27C6E5171966F5A8004192BD /* Python.framework */,
				27F1841119827DF100FCD050 /* CoreFoundation.framework */,
				276C5D0F19AC83A8005B3024 /* Cocoa.framework */,
				276C5D4219AC92AA005B3024 /* SenTestingKit.framework */,
				27C6E4F01966A290004192BD /* Other Frameworks */,
			);
			name = Frameworks;
			sourceTree = "<group>";
		};
		27C6E4F01966A290004192BD /* Other Frameworks */ = {
			isa = PBXGroup;
			children = (
				27960C0E1998CC7A00B016FC /* libpython3.4m.dylib */,
				276C5D1119AC83A8005B3024 /* AppKit.framework */,
				276C5D1219AC83A8005B3024 /* CoreData.framework */,
				276C5D1319AC83A8005B3024 /* Foundation.framework */,
			);
			name = "Other Frameworks";
			sourceTree = "<group>";
		};
		27F183D7196EAC2E00FCD050 /* test */ = {
			isa = PBXGroup;
			children = (
				276C5D3119AC83A9005B3024 /* guiTests */,
				27F183E21975429F00FCD050 /* test.py */,
				276F1F75199BE9BD0026537C /* testplugin.c */,
				27F183DC196EAC9D00FCD050 /* TINY.ATS */,
				27F18436198967D700FCD050 /* HUGE.ATS */,
				27F183E51975619000FCD050 /* GCDC.CSV */,
			);
			path = test;
			sourceTree = "<group>";
		};
		27F183E8198247AE00FCD050 /* plugins */ = {
			isa = PBXGroup;
			children = (
				27F183E9198247BE00FCD050 /* file */,
				277CC04A1990D37C00E9F4EF /* computation */,
				277CC0491990D36000E9F4EF /* report */,
			);
			name = plugins;
			sourceTree = "<group>";
		};
		27F183E9198247BE00FCD050 /* file */ = {
			isa = PBXGroup;
			children = (
				27C6E4DB19669CD5004192BD /* atsf.c */,
				277CC0481990D29C00E9F4EF /* gviewer.py */,
				27F1842A19891A8E00FCD050 /* hookie.c */,
				27F183E31975550100FCD050 /* gcdc.c */,
			);
			name = file;
			sourceTree = "<group>";
		};
/* End PBXGroup section */

/* Begin PBXHeadersBuildPhase section */
		276F1F7C199BE9D40026537C /* Headers */ = {
			isa = PBXHeadersBuildPhase;
			buildActionMask = 2147483647;
			files = (
			);
			runOnlyForDeploymentPostprocessing = 0;
		};
		27960C17199A009B00B016FC /* Headers */ = {
			isa = PBXHeadersBuildPhase;
			buildActionMask = 2147483647;
			files = (
			);
			runOnlyForDeploymentPostprocessing = 0;
		};
		27F183F519824CE500FCD050 /* Headers */ = {
			isa = PBXHeadersBuildPhase;
			buildActionMask = 2147483647;
			files = (
			);
			runOnlyForDeploymentPostprocessing = 0;
		};
		27F184241982813A00FCD050 /* Headers */ = {
			isa = PBXHeadersBuildPhase;
			buildActionMask = 2147483647;
			files = (
			);
			runOnlyForDeploymentPostprocessing = 0;
		};
/* End PBXHeadersBuildPhase section */

/* Begin PBXNativeTarget section */
		276C5D0D19AC83A7005B3024 /* gui */ = {
			isa = PBXNativeTarget;
			buildConfigurationList = 276C5D3A19AC83AA005B3024 /* Build configuration list for PBXNativeTarget "gui" */;
			buildPhases = (
				276C5D0A19AC83A7005B3024 /* Sources */,
				276C5D0B19AC83A7005B3024 /* Frameworks */,
				276C5D0C19AC83A7005B3024 /* Resources */,
				276C5D6719ADD8E4005B3024 /* CopyFiles */,
				276C5D6A19ADD919005B3024 /* CopyFiles */,
				276C5D6F19ADD97B005B3024 /* CopyFiles */,
				276C5DA319B74CE6005B3024 /* CopyFiles */,
			);
			buildRules = (
			);
			dependencies = (
			);
			name = gui;
			productName = gui;
			productReference = 276C5D0E19AC83A8005B3024 /* OpenSALTO.app */;
			productType = "com.apple.product-type.application";
		};
		276C5D2A19AC83A9005B3024 /* guiTests */ = {
			isa = PBXNativeTarget;
			buildConfigurationList = 276C5D3D19AC83AA005B3024 /* Build configuration list for PBXNativeTarget "guiTests" */;
			buildPhases = (
				276C5D2619AC83A9005B3024 /* Sources */,
				276C5D2719AC83A9005B3024 /* Frameworks */,
				276C5D2819AC83A9005B3024 /* Resources */,
				276C5D2919AC83A9005B3024 /* ShellScript */,
			);
			buildRules = (
			);
			dependencies = (
				276C5D3019AC83A9005B3024 /* PBXTargetDependency */,
			);
			name = guiTests;
			productName = guiTests;
			productReference = 276C5D2B19AC83A9005B3024 /* guiTests.octest */;
			productType = "com.apple.product-type.bundle";
		};
		276C5D4C19ADD798005B3024 /* salto */ = {
			isa = PBXNativeTarget;
			buildConfigurationList = 276C5D5F19ADD798005B3024 /* Build configuration list for PBXNativeTarget "salto" */;
			buildPhases = (
				276C5D4D19ADD798005B3024 /* Sources */,
				276C5D5319ADD798005B3024 /* Frameworks */,
				276C5D5519ADD798005B3024 /* CopyFiles */,
				276C5D5819ADD798005B3024 /* CopyFiles */,
				276C5D5D19ADD798005B3024 /* CopyFiles */,
			);
			buildRules = (
			);
			dependencies = (
			);
			name = salto;
			productName = OpenSALTO;
			productReference = 276C5D6219ADD798005B3024 /* salto */;
			productType = "com.apple.product-type.tool";
		};
		276F1F76199BE9D40026537C /* test plugin */ = {
			isa = PBXNativeTarget;
			buildConfigurationList = 276F1F7D199BE9D40026537C /* Build configuration list for PBXNativeTarget "test plugin" */;
			buildPhases = (
				276F1F79199BE9D40026537C /* Sources */,
				276F1F7B199BE9D40026537C /* Frameworks */,
				276F1F7C199BE9D40026537C /* Headers */,
			);
			buildRules = (
			);
			dependencies = (
			);
			name = "test plugin";
			productName = atsf;
			productReference = 276F1F80199BE9D40026537C /* testplugin.dylib */;
			productType = "com.apple.product-type.library.dynamic";
		};
		27960C11199A009B00B016FC /* hookie */ = {
			isa = PBXNativeTarget;
			buildConfigurationList = 27960C18199A009B00B016FC /* Build configuration list for PBXNativeTarget "hookie" */;
			buildPhases = (
				27960C14199A009B00B016FC /* Sources */,
				27960C16199A009B00B016FC /* Frameworks */,
				27960C17199A009B00B016FC /* Headers */,
			);
			buildRules = (
			);
			dependencies = (
			);
			name = hookie;
			productName = atsf;
			productReference = 27960C1B199A009B00B016FC /* hookie.dylib */;
			productType = "com.apple.product-type.library.dynamic";
		};
		27F183F619824CE500FCD050 /* atsf */ = {
			isa = PBXNativeTarget;
			buildConfigurationList = 27F183F819824CE500FCD050 /* Build configuration list for PBXNativeTarget "atsf" */;
			buildPhases = (
				27F183F319824CE500FCD050 /* Sources */,
				27F183F419824CE500FCD050 /* Frameworks */,
				27F183F519824CE500FCD050 /* Headers */,
			);
			buildRules = (
			);
			dependencies = (
			);
			name = atsf;
			productName = atsf;
			productReference = 27F183F719824CE500FCD050 /* atsf.dylib */;
			productType = "com.apple.product-type.library.dynamic";
		};
		27F1841E1982813A00FCD050 /* gcdc */ = {
			isa = PBXNativeTarget;
			buildConfigurationList = 27F184251982813A00FCD050 /* Build configuration list for PBXNativeTarget "gcdc" */;
			buildPhases = (
				27F184211982813A00FCD050 /* Sources */,
				27F184231982813A00FCD050 /* Frameworks */,
				27F184241982813A00FCD050 /* Headers */,
			);
			buildRules = (
			);
			dependencies = (
			);
			name = gcdc;
			productName = atsf;
			productReference = 27F184281982813A00FCD050 /* gcdc.dylib */;
			productType = "com.apple.product-type.library.dynamic";
		};
/* End PBXNativeTarget section */

/* Begin PBXProject section */
		27C6E4C619669B8A004192BD /* Project object */ = {
			isa = PBXProject;
			attributes = {
				LastUpgradeCheck = 0460;
				ORGANIZATIONNAME = "Marko Havu";
			};
			buildConfigurationList = 27C6E4C919669B8A004192BD /* Build configuration list for PBXProject "OpenSALTO" */;
			compatibilityVersion = "Xcode 3.2";
			developmentRegion = English;
			hasScannedForEncodings = 0;
			knownRegions = (
				en,
			);
			mainGroup = 27C6E4C519669B8A004192BD;
			productRefGroup = 27C6E4CF19669B8D004192BD /* Products */;
			projectDirPath = "";
			projectRoot = "";
			targets = (
				276C5D4C19ADD798005B3024 /* salto */,
				276C5D0D19AC83A7005B3024 /* gui */,
				276C5D2A19AC83A9005B3024 /* guiTests */,
				276F1F76199BE9D40026537C /* test plugin */,
				27F183F619824CE500FCD050 /* atsf */,
				27F1841E1982813A00FCD050 /* gcdc */,
				27960C11199A009B00B016FC /* hookie */,
			);
		};
/* End PBXProject section */

/* Begin PBXResourcesBuildPhase section */
		276C5D0C19AC83A7005B3024 /* Resources */ = {
			isa = PBXResourcesBuildPhase;
			buildActionMask = 2147483647;
			files = (
				276C5D1919AC83A8005B3024 /* InfoPlist.strings in Resources */,
				276C5D1F19AC83A8005B3024 /* Credits.rtf in Resources */,
				276C5D2519AC83A9005B3024 /* SaltoMainWindow.xib in Resources */,
				276C5DA019AE35C5005B3024 /* SaltoConsole.xib in Resources */,
			);
			runOnlyForDeploymentPostprocessing = 0;
		};
		276C5D2819AC83A9005B3024 /* Resources */ = {
			isa = PBXResourcesBuildPhase;
			buildActionMask = 2147483647;
			files = (
				276C5D4119AC9014005B3024 /* InfoPlist.strings in Resources */,
			);
			runOnlyForDeploymentPostprocessing = 0;
		};
/* End PBXResourcesBuildPhase section */

/* Begin PBXShellScriptBuildPhase section */
		276C5D2919AC83A9005B3024 /* ShellScript */ = {
			isa = PBXShellScriptBuildPhase;
			buildActionMask = 2147483647;
			files = (
			);
			inputPaths = (
			);
			outputPaths = (
			);
			runOnlyForDeploymentPostprocessing = 0;
			shellPath = /bin/sh;
			shellScript = "# Run the unit tests in this test bundle.\n\"${SYSTEM_DEVELOPER_DIR}/Tools/RunUnitTests\"\n";
		};
/* End PBXShellScriptBuildPhase section */

/* Begin PBXSourcesBuildPhase section */
		276C5D0A19AC83A7005B3024 /* Sources */ = {
			isa = PBXSourcesBuildPhase;
			buildActionMask = 2147483647;
			files = (
				276C5D1B19AC83A8005B3024 /* main.m in Sources */,
				276C5D2219AC83A8005B3024 /* SaltoGuiDelegate.m in Sources */,
				276C5D4619ACC83C005B3024 /* SaltoChannelView.m in Sources */,
				276C5D4919ACC893005B3024 /* SaltoChannelViewController.m in Sources */,
				276C5D8E19ADF110005B3024 /* salto.c in Sources */,
				276C5D9019ADF11B005B3024 /* Event.c in Sources */,
				276C5D9219ADF11F005B3024 /* Channel.c in Sources */,
				276C5D9419ADF126005B3024 /* salto_api.c in Sources */,
				276C5D9F19AE35C5005B3024 /* SaltoConsoleController.m in Sources */,
				27B2183A19BEF3BE001A50AD /* saltoGui.m in Sources */,
				27B2183D19BF31F7001A50AD /* SaltoConsole.m in Sources */,
			);
			runOnlyForDeploymentPostprocessing = 0;
		};
		276C5D2619AC83A9005B3024 /* Sources */ = {
			isa = PBXSourcesBuildPhase;
			buildActionMask = 2147483647;
			files = (
				276C5D3919AC83AA005B3024 /* guiTests.m in Sources */,
			);
			runOnlyForDeploymentPostprocessing = 0;
		};
		276C5D4D19ADD798005B3024 /* Sources */ = {
			isa = PBXSourcesBuildPhase;
			buildActionMask = 2147483647;
			files = (
				276C5D8F19ADF111005B3024 /* salto.c in Sources */,
				276C5D9119ADF11C005B3024 /* Event.c in Sources */,
				276C5D9319ADF11F005B3024 /* Channel.c in Sources */,
				276C5D9519ADF127005B3024 /* salto_api.c in Sources */,
				276C5DA219AE5A13005B3024 /* main.c in Sources */,
			);
			runOnlyForDeploymentPostprocessing = 0;
		};
		276F1F79199BE9D40026537C /* Sources */ = {
			isa = PBXSourcesBuildPhase;
			buildActionMask = 2147483647;
			files = (
				276F1F81199BEA0F0026537C /* testplugin.c in Sources */,
			);
			runOnlyForDeploymentPostprocessing = 0;
		};
		27960C14199A009B00B016FC /* Sources */ = {
			isa = PBXSourcesBuildPhase;
			buildActionMask = 2147483647;
			files = (
				27960C1C199A0B8F00B016FC /* hookie.c in Sources */,
			);
			runOnlyForDeploymentPostprocessing = 0;
		};
		27F183F319824CE500FCD050 /* Sources */ = {
			isa = PBXSourcesBuildPhase;
			buildActionMask = 2147483647;
			files = (
				27F183FB19824CE700FCD050 /* atsf.c in Sources */,
			);
			runOnlyForDeploymentPostprocessing = 0;
		};
		27F184211982813A00FCD050 /* Sources */ = {
			isa = PBXSourcesBuildPhase;
			buildActionMask = 2147483647;
			files = (
				27F184291982816600FCD050 /* gcdc.c in Sources */,
			);
			runOnlyForDeploymentPostprocessing = 0;
		};
/* End PBXSourcesBuildPhase section */

/* Begin PBXTargetDependency section */
		276C5D3019AC83A9005B3024 /* PBXTargetDependency */ = {
			isa = PBXTargetDependency;
			target = 276C5D0D19AC83A7005B3024 /* gui */;
			targetProxy = 276C5D2F19AC83A9005B3024 /* PBXContainerItemProxy */;
		};
/* End PBXTargetDependency section */

/* Begin PBXVariantGroup section */
		276C5D1719AC83A8005B3024 /* InfoPlist.strings */ = {
			isa = PBXVariantGroup;
			children = (
				276C5D1819AC83A8005B3024 /* en */,
			);
			name = InfoPlist.strings;
			sourceTree = "<group>";
		};
		276C5D1D19AC83A8005B3024 /* Credits.rtf */ = {
			isa = PBXVariantGroup;
			children = (
				276C5D1E19AC83A8005B3024 /* en */,
			);
			name = Credits.rtf;
			sourceTree = "<group>";
		};
		276C5D2319AC83A9005B3024 /* SaltoMainWindow.xib */ = {
			isa = PBXVariantGroup;
			children = (
				276C5D2419AC83A9005B3024 /* en */,
			);
			name = SaltoMainWindow.xib;
			sourceTree = "<group>";
		};
		276C5D3419AC83A9005B3024 /* InfoPlist.strings */ = {
			isa = PBXVariantGroup;
			children = (
				276C5D3519AC83AA005B3024 /* en */,
			);
			name = InfoPlist.strings;
			sourceTree = "<group>";
		};
/* End PBXVariantGroup section */

/* Begin XCBuildConfiguration section */
		276C5D3B19AC83AA005B3024 /* Debug */ = {
			isa = XCBuildConfiguration;
			buildSettings = {
				CLANG_ENABLE_OBJC_ARC = NO;
				CODE_SIGN_ENTITLEMENTS = OpenSALTO.entitlements;
				CODE_SIGN_IDENTITY = "";
				COMBINE_HIDPI_IMAGES = YES;
				GCC_PRECOMPILE_PREFIX_HEADER = YES;
				GCC_PREFIX_HEADER = "$(SRCROOT)/src/gui/gui-Prefix.pch";
				HEADER_SEARCH_PATHS = (
					"$(inherited)",
					"\"$(HOME)/anaconda/include/python3.4m\"",
					"\"$(HOME)/anaconda/lib/python3.4/site-packages/numpy/core/include\"",
				);
				INFOPLIST_FILE = "$(SRCROOT)/src/gui/gui-Info.plist";
				LIBRARY_SEARCH_PATHS = (
					"$(inherited)",
					"\"$(HOME)/anaconda/lib\"",
				);
				PRODUCT_NAME = OpenSALTO;
				SDKROOT = macosx10.7;
				WRAPPER_EXTENSION = app;
			};
			name = Debug;
		};
		276C5D3C19AC83AA005B3024 /* Release */ = {
			isa = XCBuildConfiguration;
			buildSettings = {
				CLANG_ENABLE_OBJC_ARC = NO;
				CODE_SIGN_ENTITLEMENTS = OpenSALTO.entitlements;
				CODE_SIGN_IDENTITY = "";
				COMBINE_HIDPI_IMAGES = YES;
				GCC_PRECOMPILE_PREFIX_HEADER = YES;
				GCC_PREFIX_HEADER = "$(SRCROOT)/src/gui/gui-Prefix.pch";
				HEADER_SEARCH_PATHS = (
					"$(inherited)",
					"\"$(HOME)/anaconda/include/python3.4m\"",
					"\"$(HOME)/anaconda/lib/python3.4/site-packages/numpy/core/include\"",
				);
				INFOPLIST_FILE = "$(SRCROOT)/src/gui/gui-Info.plist";
				LIBRARY_SEARCH_PATHS = (
					"$(inherited)",
					"\"$(HOME)/anaconda/lib\"",
				);
				PRODUCT_NAME = OpenSALTO;
				SDKROOT = macosx10.7;
				WRAPPER_EXTENSION = app;
			};
			name = Release;
		};
		276C5D3E19AC83AA005B3024 /* Debug */ = {
			isa = XCBuildConfiguration;
			buildSettings = {
				BUNDLE_LOADER = "$(BUILT_PRODUCTS_DIR)/OpenSALTO.app/Contents/MacOS/OpenSALTO";
				CLANG_ENABLE_OBJC_ARC = NO;
				COMBINE_HIDPI_IMAGES = YES;
				FRAMEWORK_SEARCH_PATHS = "$(DEVELOPER_LIBRARY_DIR)/Frameworks";
				GCC_PRECOMPILE_PREFIX_HEADER = YES;
				GCC_PREFIX_HEADER = "$(SRCROOT)/src/gui/gui-Prefix.pch";
				INFOPLIST_FILE = "$(SRCROOT)/test/guiTests/guiTests-Info.plist";
				PRODUCT_NAME = "$(TARGET_NAME)";
				SDKROOT = "";
				TEST_AFTER_BUILD = YES;
				TEST_HOST = "$(BUNDLE_LOADER)";
				WRAPPER_EXTENSION = octest;
			};
			name = Debug;
		};
		276C5D3F19AC83AA005B3024 /* Release */ = {
			isa = XCBuildConfiguration;
			buildSettings = {
				BUNDLE_LOADER = "$(BUILT_PRODUCTS_DIR)/OpenSALTO.app/Contents/MacOS/OpenSALTO";
				CLANG_ENABLE_OBJC_ARC = NO;
				COMBINE_HIDPI_IMAGES = YES;
				FRAMEWORK_SEARCH_PATHS = "$(DEVELOPER_LIBRARY_DIR)/Frameworks";
				GCC_PRECOMPILE_PREFIX_HEADER = YES;
				GCC_PREFIX_HEADER = "$(SRCROOT)/src/gui/gui-Prefix.pch";
				INFOPLIST_FILE = "$(SRCROOT)/test/guiTests/guiTests-Info.plist";
				PRODUCT_NAME = "$(TARGET_NAME)";
				SDKROOT = "";
				TEST_AFTER_BUILD = YES;
				TEST_HOST = "$(BUNDLE_LOADER)";
				WRAPPER_EXTENSION = octest;
			};
			name = Release;
		};
		276C5D6019ADD798005B3024 /* Debug */ = {
			isa = XCBuildConfiguration;
			buildSettings = {
				HEADER_SEARCH_PATHS = (
					"$(inherited)",
					"\"$(HOME)/anaconda/include/python3.4m\"",
					"\"$(HOME)/anaconda/lib/python3.4/site-packages/numpy/core/include\"",
				);
				LIBRARY_SEARCH_PATHS = (
					"$(inherited)",
					"\"$(HOME)/anaconda/lib\"",
				);
				PRODUCT_NAME = salto;
				SDKROOT = macosx10.7;
				TEST_AFTER_BUILD = NO;
			};
			name = Debug;
		};
		276C5D6119ADD798005B3024 /* Release */ = {
			isa = XCBuildConfiguration;
			buildSettings = {
				HEADER_SEARCH_PATHS = (
					"$(inherited)",
					"\"$(HOME)/anaconda/include/python3.4m\"",
					"\"$(HOME)/anaconda/lib/python3.4/site-packages/numpy/core/include\"",
				);
				LIBRARY_SEARCH_PATHS = (
					"$(inherited)",
					"\"$(HOME)/anaconda/lib\"",
				);
				PRODUCT_NAME = salto;
				SDKROOT = macosx10.7;
				TEST_AFTER_BUILD = NO;
			};
			name = Release;
		};
		276F1F7E199BE9D40026537C /* Debug */ = {
			isa = XCBuildConfiguration;
			buildSettings = {
				BUNDLE_LOADER = "$(BUILT_PRODUCTS_DIR)/../salto";
				CONFIGURATION_BUILD_DIR = "$(BUILD_DIR)/$(CONFIGURATION)$(EFFECTIVE_PLATFORM_NAME)/plugins";
				DYLIB_COMPATIBILITY_VERSION = "";
				DYLIB_CURRENT_VERSION = "";
				EXECUTABLE_PREFIX = "";
				LD_DYLIB_INSTALL_NAME = "$(TARGET_BUILD_DIR)/$(EXECUTABLE_PATH)";
				MACH_O_TYPE = mh_bundle;
				PRODUCT_NAME = testplugin;
				SDKROOT = macosx10.7;
			};
			name = Debug;
		};
		276F1F7F199BE9D40026537C /* Release */ = {
			isa = XCBuildConfiguration;
			buildSettings = {
				BUNDLE_LOADER = "$(BUILT_PRODUCTS_DIR)/../salto";
				CONFIGURATION_BUILD_DIR = "$(BUILD_DIR)/$(CONFIGURATION)$(EFFECTIVE_PLATFORM_NAME)/plugins";
				DYLIB_COMPATIBILITY_VERSION = "";
				DYLIB_CURRENT_VERSION = "";
				EXECUTABLE_PREFIX = "";
				LD_DYLIB_INSTALL_NAME = "$(TARGET_BUILD_DIR)/$(EXECUTABLE_PATH)";
				MACH_O_TYPE = mh_bundle;
				PRODUCT_NAME = testplugin;
				SDKROOT = macosx10.7;
			};
			name = Release;
		};
		27960C19199A009B00B016FC /* Debug */ = {
			isa = XCBuildConfiguration;
			buildSettings = {
				BUNDLE_LOADER = "$(BUILT_PRODUCTS_DIR)/../salto";
				CONFIGURATION_BUILD_DIR = "$(BUILD_DIR)/$(CONFIGURATION)$(EFFECTIVE_PLATFORM_NAME)/plugins";
				DYLIB_COMPATIBILITY_VERSION = "";
				DYLIB_CURRENT_VERSION = "";
				EXECUTABLE_PREFIX = "";
				LD_DYLIB_INSTALL_NAME = "$(TARGET_BUILD_DIR)/$(EXECUTABLE_PATH)";
				MACH_O_TYPE = mh_bundle;
				PRODUCT_NAME = hookie;
				SDKROOT = macosx10.7;
			};
			name = Debug;
		};
		27960C1A199A009B00B016FC /* Release */ = {
			isa = XCBuildConfiguration;
			buildSettings = {
				BUNDLE_LOADER = "$(BUILT_PRODUCTS_DIR)/../salto";
				CONFIGURATION_BUILD_DIR = "$(BUILD_DIR)/$(CONFIGURATION)$(EFFECTIVE_PLATFORM_NAME)/plugins";
				DYLIB_COMPATIBILITY_VERSION = "";
				DYLIB_CURRENT_VERSION = "";
				EXECUTABLE_PREFIX = "";
				LD_DYLIB_INSTALL_NAME = "$(TARGET_BUILD_DIR)/$(EXECUTABLE_PATH)";
				MACH_O_TYPE = mh_bundle;
				PRODUCT_NAME = hookie;
				SDKROOT = macosx10.7;
			};
			name = Release;
		};
		27C6E4D519669B8E004192BD /* Debug */ = {
			isa = XCBuildConfiguration;
			buildSettings = {
				ALWAYS_SEARCH_USER_PATHS = NO;
				ARCHS = "$(ARCHS_STANDARD_64_BIT)";
				CLANG_CXX_LANGUAGE_STANDARD = "gnu++0x";
				CLANG_CXX_LIBRARY = "libc++";
				CLANG_ENABLE_OBJC_ARC = YES;
				CLANG_WARN_CONSTANT_CONVERSION = YES;
				CLANG_WARN_EMPTY_BODY = YES;
				CLANG_WARN_ENUM_CONVERSION = YES;
				CLANG_WARN_INT_CONVERSION = YES;
				CLANG_WARN__DUPLICATE_METHOD_MATCH = YES;
				COPY_PHASE_STRIP = NO;
				GCC_C_LANGUAGE_STANDARD = gnu99;
				GCC_DYNAMIC_NO_PIC = NO;
				GCC_ENABLE_OBJC_EXCEPTIONS = YES;
				GCC_OPTIMIZATION_LEVEL = 0;
				GCC_PREPROCESSOR_DEFINITIONS = (
					"DEBUG=1",
					"$(inherited)",
				);
				GCC_SYMBOLS_PRIVATE_EXTERN = NO;
				GCC_WARN_64_TO_32_BIT_CONVERSION = YES;
				GCC_WARN_ABOUT_RETURN_TYPE = YES;
				GCC_WARN_UNINITIALIZED_AUTOS = YES;
				GCC_WARN_UNUSED_VARIABLE = YES;
				MACOSX_DEPLOYMENT_TARGET = 10.7;
				ONLY_ACTIVE_ARCH = YES;
				SDKROOT = macosx10.7;
			};
			name = Debug;
		};
		27C6E4D619669B8E004192BD /* Release */ = {
			isa = XCBuildConfiguration;
			buildSettings = {
				ALWAYS_SEARCH_USER_PATHS = NO;
				ARCHS = "$(ARCHS_STANDARD_64_BIT)";
				CLANG_CXX_LANGUAGE_STANDARD = "gnu++0x";
				CLANG_CXX_LIBRARY = "libc++";
				CLANG_ENABLE_OBJC_ARC = YES;
				CLANG_WARN_CONSTANT_CONVERSION = YES;
				CLANG_WARN_EMPTY_BODY = YES;
				CLANG_WARN_ENUM_CONVERSION = YES;
				CLANG_WARN_INT_CONVERSION = YES;
				CLANG_WARN__DUPLICATE_METHOD_MATCH = YES;
				COPY_PHASE_STRIP = YES;
				DEBUG_INFORMATION_FORMAT = "dwarf-with-dsym";
				GCC_C_LANGUAGE_STANDARD = gnu99;
				GCC_ENABLE_OBJC_EXCEPTIONS = YES;
				GCC_WARN_64_TO_32_BIT_CONVERSION = YES;
				GCC_WARN_ABOUT_RETURN_TYPE = YES;
				GCC_WARN_UNINITIALIZED_AUTOS = YES;
				GCC_WARN_UNUSED_VARIABLE = YES;
				MACOSX_DEPLOYMENT_TARGET = 10.7;
				SDKROOT = macosx10.7;
			};
			name = Release;
		};
		27F183F919824CE500FCD050 /* Debug */ = {
			isa = XCBuildConfiguration;
			buildSettings = {
				BUNDLE_LOADER = "$(BUILT_PRODUCTS_DIR)/../salto";
				CONFIGURATION_BUILD_DIR = "$(BUILD_DIR)/$(CONFIGURATION)$(EFFECTIVE_PLATFORM_NAME)/plugins";
				DYLIB_COMPATIBILITY_VERSION = "";
				DYLIB_CURRENT_VERSION = "";
				EXECUTABLE_PREFIX = "";
				LD_DYLIB_INSTALL_NAME = "$(TARGET_BUILD_DIR)/$(EXECUTABLE_PATH)";
				MACH_O_TYPE = mh_bundle;
				PRODUCT_NAME = "$(TARGET_NAME)";
				SDKROOT = macosx10.7;
			};
			name = Debug;
		};
		27F183FA19824CE500FCD050 /* Release */ = {
			isa = XCBuildConfiguration;
			buildSettings = {
				BUNDLE_LOADER = "$(BUILT_PRODUCTS_DIR)/../salto";
				CONFIGURATION_BUILD_DIR = "$(BUILD_DIR)/$(CONFIGURATION)$(EFFECTIVE_PLATFORM_NAME)/plugins";
				DYLIB_COMPATIBILITY_VERSION = "";
				DYLIB_CURRENT_VERSION = "";
				EXECUTABLE_PREFIX = "";
				LD_DYLIB_INSTALL_NAME = "$(TARGET_BUILD_DIR)/$(EXECUTABLE_PATH)";
				MACH_O_TYPE = mh_bundle;
				PRODUCT_NAME = "$(TARGET_NAME)";
				SDKROOT = macosx10.7;
			};
			name = Release;
		};
		27F184261982813A00FCD050 /* Debug */ = {
			isa = XCBuildConfiguration;
			buildSettings = {
				BUNDLE_LOADER = "$(BUILT_PRODUCTS_DIR)/../salto";
				CONFIGURATION_BUILD_DIR = "$(BUILD_DIR)/$(CONFIGURATION)$(EFFECTIVE_PLATFORM_NAME)/plugins";
				DYLIB_COMPATIBILITY_VERSION = "";
				DYLIB_CURRENT_VERSION = "";
				EXECUTABLE_PREFIX = "";
				LD_DYLIB_INSTALL_NAME = "$(TARGET_BUILD_DIR)/$(EXECUTABLE_PATH)";
				MACH_O_TYPE = mh_bundle;
				PRODUCT_NAME = gcdc;
				SDKROOT = macosx10.7;
			};
			name = Debug;
		};
		27F184271982813A00FCD050 /* Release */ = {
			isa = XCBuildConfiguration;
			buildSettings = {
				BUNDLE_LOADER = "$(BUILT_PRODUCTS_DIR)/../salto";
				CONFIGURATION_BUILD_DIR = "$(BUILD_DIR)/$(CONFIGURATION)$(EFFECTIVE_PLATFORM_NAME)/plugins";
				DYLIB_COMPATIBILITY_VERSION = "";
				DYLIB_CURRENT_VERSION = "";
				EXECUTABLE_PREFIX = "";
				LD_DYLIB_INSTALL_NAME = "$(TARGET_BUILD_DIR)/$(EXECUTABLE_PATH)";
				MACH_O_TYPE = mh_bundle;
				PRODUCT_NAME = gcdc;
				SDKROOT = macosx10.7;
			};
			name = Release;
		};
/* End XCBuildConfiguration section */

/* Begin XCConfigurationList section */
		276C5D3A19AC83AA005B3024 /* Build configuration list for PBXNativeTarget "gui" */ = {
			isa = XCConfigurationList;
			buildConfigurations = (
				276C5D3B19AC83AA005B3024 /* Debug */,
				276C5D3C19AC83AA005B3024 /* Release */,
			);
			defaultConfigurationIsVisible = 0;
			defaultConfigurationName = Release;
		};
		276C5D3D19AC83AA005B3024 /* Build configuration list for PBXNativeTarget "guiTests" */ = {
			isa = XCConfigurationList;
			buildConfigurations = (
				276C5D3E19AC83AA005B3024 /* Debug */,
				276C5D3F19AC83AA005B3024 /* Release */,
			);
			defaultConfigurationIsVisible = 0;
			defaultConfigurationName = Release;
		};
		276C5D5F19ADD798005B3024 /* Build configuration list for PBXNativeTarget "salto" */ = {
			isa = XCConfigurationList;
			buildConfigurations = (
				276C5D6019ADD798005B3024 /* Debug */,
				276C5D6119ADD798005B3024 /* Release */,
			);
			defaultConfigurationIsVisible = 0;
			defaultConfigurationName = Release;
		};
		276F1F7D199BE9D40026537C /* Build configuration list for PBXNativeTarget "test plugin" */ = {
			isa = XCConfigurationList;
			buildConfigurations = (
				276F1F7E199BE9D40026537C /* Debug */,
				276F1F7F199BE9D40026537C /* Release */,
			);
			defaultConfigurationIsVisible = 0;
			defaultConfigurationName = Release;
		};
		27960C18199A009B00B016FC /* Build configuration list for PBXNativeTarget "hookie" */ = {
			isa = XCConfigurationList;
			buildConfigurations = (
				27960C19199A009B00B016FC /* Debug */,
				27960C1A199A009B00B016FC /* Release */,
			);
			defaultConfigurationIsVisible = 0;
			defaultConfigurationName = Release;
		};
		27C6E4C919669B8A004192BD /* Build configuration list for PBXProject "OpenSALTO" */ = {
			isa = XCConfigurationList;
			buildConfigurations = (
				27C6E4D519669B8E004192BD /* Debug */,
				27C6E4D619669B8E004192BD /* Release */,
			);
			defaultConfigurationIsVisible = 0;
			defaultConfigurationName = Release;
		};
		27F183F819824CE500FCD050 /* Build configuration list for PBXNativeTarget "atsf" */ = {
			isa = XCConfigurationList;
			buildConfigurations = (
				27F183F919824CE500FCD050 /* Debug */,
				27F183FA19824CE500FCD050 /* Release */,
			);
			defaultConfigurationIsVisible = 0;
			defaultConfigurationName = Release;
		};
		27F184251982813A00FCD050 /* Build configuration list for PBXNativeTarget "gcdc" */ = {
			isa = XCConfigurationList;
			buildConfigurations = (
				27F184261982813A00FCD050 /* Debug */,
				27F184271982813A00FCD050 /* Release */,
			);
			defaultConfigurationIsVisible = 0;
			defaultConfigurationName = Release;
		};
/* End XCConfigurationList section */
	};
	rootObject = 27C6E4C619669B8A004192BD /* Project object */;
}
